
Microsoft Visual Studio Solution File, Format Version 12.00
# Visual Studio Version 16
VisualStudioVersion = 16.0.29709.97
MinimumVisualStudioVersion = 10.0.40219.1
Project("{FAE04EC0-301F-11D3-BF4B-00C04F79EFBC}") = "api.gateway", "api.gateway\api.gateway.csproj", "{2BD6F1B2-A2CF-4A56-A611-AF82B5C3C6D4}"
EndProject
Project("{FAE04EC0-301F-11D3-BF4B-00C04F79EFBC}") = "WebApplication1", "WebApplication1\WebApplication1.csproj", "{AA5A0E29-CDAC-41AA-840A-EE9EEF2CFF58}"
EndProject
Global
	GlobalSection(SolutionConfigurationPlatforms) = preSolution
		Debug|Any CPU = Debug|Any CPU
		Release|Any CPU = Release|Any CPU
	EndGlobalSection
	GlobalSection(ProjectConfigurationPlatforms) = postSolution
		{2BD6F1B2-A2CF-4A56-A611-AF82B5C3C6D4}.Debug|Any CPU.ActiveCfg = Debug|Any CPU
		{2BD6F1B2-A2CF-4A56-A611-AF82B5C3C6D4}.Debug|Any CPU.Build.0 = Debug|Any CPU
		{2BD6F1B2-A2CF-4A56-A611-AF82B5C3C6D4}.Release|Any CPU.ActiveCfg = Release|Any CPU
		{2BD6F1B2-A2CF-4A56-A611-AF82B5C3C6D4}.Release|Any CPU.Build.0 = Release|Any CPU
		{AA5A0E29-CDAC-41AA-840A-EE9EEF2CFF58}.Debug|Any CPU.ActiveCfg = Debug|Any CPU
		{AA5A0E29-CDAC-41AA-840A-EE9EEF2CFF58}.Debug|Any CPU.Build.0 = Debug|Any CPU
		{AA5A0E29-CDAC-41AA-840A-EE9EEF2CFF58}.Release|Any CPU.ActiveCfg = Release|Any CPU
		{AA5A0E29-CDAC-41AA-840A-EE9EEF2CFF58}.Release|Any CPU.Build.0 = Release|Any CPU
	EndGlobalSection
	GlobalSection(SolutionProperties) = preSolution
		HideSolutionNode = FALSE
	EndGlobalSection
	GlobalSection(ExtensibilityGlobals) = postSolution
		SolutionGuid = {18C17129-987B-45E4-828B-A989C3E146DF}
	EndGlobalSection
EndGlobal
